
Microsoft Visual Studio Solution File, Format Version 12.00
Project("{2150E333-8FDC-42A3-9474-1A3956D46DE8}") = "src", "src", "{760ADA25-2AE2-4B63-A497-50D8DDC47F79}"
EndProject
Project("{2150E333-8FDC-42A3-9474-1A3956D46DE8}") = "Core", "Core", "{94183799-1D4A-4B0C-A672-9FDB51991720}"
EndProject
Project("{2150E333-8FDC-42A3-9474-1A3956D46DE8}") = "Infrastructure", "Infrastructure", "{5B5F8F35-1ACF-468B-8BE8-AC4327C38A7F}"
EndProject
Project("{2150E333-8FDC-42A3-9474-1A3956D46DE8}") = "Presentation", "Presentation", "{9052B08F-1EC5-4D59-B347-D72E0886C871}"
EndProject
Project("{FAE04EC0-301F-11D3-BF4B-00C04F79EFBC}") = "Application", "Application\Application.csproj", "{84479963-A56D-49B3-994F-7B6F12BDDEB5}"
EndProject
Project("{FAE04EC0-301F-11D3-BF4B-00C04F79EFBC}") = "Domain", "Domain\Domain.csproj", "{C2EEE6A4-09EE-441E-90F7-DB13624395B6}"
EndProject
Project("{FAE04EC0-301F-11D3-BF4B-00C04F79EFBC}") = "Persistence", "Persistence\Persistence.csproj", "{13097DA5-3637-42CF-B27E-C87441FF0D6C}"
EndProject
Project("{FAE04EC0-301F-11D3-BF4B-00C04F79EFBC}") = "NotificationAPI", "NotificationAPI\NotificationAPI.csproj", "{B5B42EF6-112B-4CCE-8F34-1FBED883B433}"
EndProject
Global
	GlobalSection(SolutionConfigurationPlatforms) = preSolution
		Debug|Any CPU = Debug|Any CPU
		Release|Any CPU = Release|Any CPU
	EndGlobalSection
	GlobalSection(ProjectConfigurationPlatforms) = postSolution
		{84479963-A56D-49B3-994F-7B6F12BDDEB5}.Debug|Any CPU.ActiveCfg = Debug|Any CPU
		{84479963-A56D-49B3-994F-7B6F12BDDEB5}.Debug|Any CPU.Build.0 = Debug|Any CPU
		{84479963-A56D-49B3-994F-7B6F12BDDEB5}.Release|Any CPU.ActiveCfg = Release|Any CPU
		{84479963-A56D-49B3-994F-7B6F12BDDEB5}.Release|Any CPU.Build.0 = Release|Any CPU
		{C2EEE6A4-09EE-441E-90F7-DB13624395B6}.Debug|Any CPU.ActiveCfg = Debug|Any CPU
		{C2EEE6A4-09EE-441E-90F7-DB13624395B6}.Debug|Any CPU.Build.0 = Debug|Any CPU
		{C2EEE6A4-09EE-441E-90F7-DB13624395B6}.Release|Any CPU.ActiveCfg = Release|Any CPU
		{C2EEE6A4-09EE-441E-90F7-DB13624395B6}.Release|Any CPU.Build.0 = Release|Any CPU
		{13097DA5-3637-42CF-B27E-C87441FF0D6C}.Debug|Any CPU.ActiveCfg = Debug|Any CPU
		{13097DA5-3637-42CF-B27E-C87441FF0D6C}.Debug|Any CPU.Build.0 = Debug|Any CPU
		{13097DA5-3637-42CF-B27E-C87441FF0D6C}.Release|Any CPU.ActiveCfg = Release|Any CPU
		{13097DA5-3637-42CF-B27E-C87441FF0D6C}.Release|Any CPU.Build.0 = Release|Any CPU
		{B5B42EF6-112B-4CCE-8F34-1FBED883B433}.Debug|Any CPU.ActiveCfg = Debug|Any CPU
		{B5B42EF6-112B-4CCE-8F34-1FBED883B433}.Debug|Any CPU.Build.0 = Debug|Any CPU
		{B5B42EF6-112B-4CCE-8F34-1FBED883B433}.Release|Any CPU.ActiveCfg = Release|Any CPU
		{B5B42EF6-112B-4CCE-8F34-1FBED883B433}.Release|Any CPU.Build.0 = Release|Any CPU
	EndGlobalSection
	GlobalSection(NestedProjects) = preSolution
		{94183799-1D4A-4B0C-A672-9FDB51991720} = {760ADA25-2AE2-4B63-A497-50D8DDC47F79}
		{5B5F8F35-1ACF-468B-8BE8-AC4327C38A7F} = {760ADA25-2AE2-4B63-A497-50D8DDC47F79}
		{9052B08F-1EC5-4D59-B347-D72E0886C871} = {760ADA25-2AE2-4B63-A497-50D8DDC47F79}
		{84479963-A56D-49B3-994F-7B6F12BDDEB5} = {94183799-1D4A-4B0C-A672-9FDB51991720}
		{C2EEE6A4-09EE-441E-90F7-DB13624395B6} = {94183799-1D4A-4B0C-A672-9FDB51991720}
		{13097DA5-3637-42CF-B27E-C87441FF0D6C} = {5B5F8F35-1ACF-468B-8BE8-AC4327C38A7F}
		{B5B42EF6-112B-4CCE-8F34-1FBED883B433} = {9052B08F-1EC5-4D59-B347-D72E0886C871}
	EndGlobalSection
EndGlobal
